// !$*UTF8*$!
{
	archiveVersion = 1;
	classes = {
	};
	objectVersion = 46;
	objects = {

/* Begin PBXBuildFile section */
		44E243311CFFCD410083B9C9 /* Department+CoreDataProperties.m in Sources */ = {isa = PBXBuildFile; fileRef = 44E2432E1CFFCD410083B9C9 /* Department+CoreDataProperties.m */; };
		44E243321CFFCD410083B9C9 /* Department.m in Sources */ = {isa = PBXBuildFile; fileRef = 44E243301CFFCD410083B9C9 /* Department.m */; };
		44E243371CFFCD520083B9C9 /* Person+CoreDataProperties.m in Sources */ = {isa = PBXBuildFile; fileRef = 44E243341CFFCD520083B9C9 /* Person+CoreDataProperties.m */; };
		44E243381CFFCD520083B9C9 /* Person.m in Sources */ = {isa = PBXBuildFile; fileRef = 44E243361CFFCD520083B9C9 /* Person.m */; };
		44EFC2901CFE83C6002FFD4C /* company.xcdatamodeld in Sources */ = {isa = PBXBuildFile; fileRef = 44EFC28E1CFE83C6002FFD4C /* company.xcdatamodeld */; };
		44EFC2A91CFE875F002FFD4C /* personViewController.m in Sources */ = {isa = PBXBuildFile; fileRef = 44EFC2A81CFE875F002FFD4C /* personViewController.m */; };
		FB08348F195D000B006CBEE2 /* Foundation.framework in Frameworks */ = {isa = PBXBuildFile; fileRef = FB08348E195D000B006CBEE2 /* Foundation.framework */; };
		FB083491195D000B006CBEE2 /* CoreGraphics.framework in Frameworks */ = {isa = PBXBuildFile; fileRef = FB083490195D000B006CBEE2 /* CoreGraphics.framework */; };
		FB083493195D000B006CBEE2 /* UIKit.framework in Frameworks */ = {isa = PBXBuildFile; fileRef = FB083492195D000B006CBEE2 /* UIKit.framework */; };
		FB083499195D000B006CBEE2 /* InfoPlist.strings in Resources */ = {isa = PBXBuildFile; fileRef = FB083497195D000B006CBEE2 /* InfoPlist.strings */; };
		FB08349B195D000B006CBEE2 /* main.m in Sources */ = {isa = PBXBuildFile; fileRef = FB08349A195D000B006CBEE2 /* main.m */; };
		FB08349F195D000B006CBEE2 /* AppDelegate.m in Sources */ = {isa = PBXBuildFile; fileRef = FB08349E195D000B006CBEE2 /* AppDelegate.m */; };
		FB0834A2195D000B006CBEE2 /* Main.storyboard in Resources */ = {isa = PBXBuildFile; fileRef = FB0834A0195D000B006CBEE2 /* Main.storyboard */; };
		FB0834A5195D000B006CBEE2 /* ViewController.m in Sources */ = {isa = PBXBuildFile; fileRef = FB0834A4195D000B006CBEE2 /* ViewController.m */; };
		FB0834A7195D000B006CBEE2 /* Images.xcassets in Resources */ = {isa = PBXBuildFile; fileRef = FB0834A6195D000B006CBEE2 /* Images.xcassets */; };
		FB0834AE195D000B006CBEE2 /* XCTest.framework in Frameworks */ = {isa = PBXBuildFile; fileRef = FB0834AD195D000B006CBEE2 /* XCTest.framework */; };
		FB0834AF195D000B006CBEE2 /* Foundation.framework in Frameworks */ = {isa = PBXBuildFile; fileRef = FB08348E195D000B006CBEE2 /* Foundation.framework */; };
		FB0834B0195D000B006CBEE2 /* UIKit.framework in Frameworks */ = {isa = PBXBuildFile; fileRef = FB083492195D000B006CBEE2 /* UIKit.framework */; };
		FB0834B8195D000C006CBEE2 /* InfoPlist.strings in Resources */ = {isa = PBXBuildFile; fileRef = FB0834B6195D000C006CBEE2 /* InfoPlist.strings */; };
		FB0834BA195D000C006CBEE2 /* collection_masterTests.m in Sources */ = {isa = PBXBuildFile; fileRef = FB0834B9195D000C006CBEE2 /* collection_masterTests.m */; };
		FB0834C9195D0576006CBEE2 /* collectionCell.m in Sources */ = {isa = PBXBuildFile; fileRef = FB0834C8195D0576006CBEE2 /* collectionCell.m */; };
/* End PBXBuildFile section */

/* Begin PBXContainerItemProxy section */
		FB0834B1195D000C006CBEE2 /* PBXContainerItemProxy */ = {
			isa = PBXContainerItemProxy;
			containerPortal = FB083483195D000B006CBEE2 /* Project object */;
			proxyType = 1;
			remoteGlobalIDString = FB08348A195D000B006CBEE2;
			remoteInfo = collection_master;
		};
/* End PBXContainerItemProxy section */

/* Begin PBXFileReference section */
		44E2432D1CFFCD410083B9C9 /* Department+CoreDataProperties.h */ = {isa = PBXFileReference; fileEncoding = 4; lastKnownFileType = sourcecode.c.h; path = "Department+CoreDataProperties.h"; sourceTree = "<group>"; };
		44E2432E1CFFCD410083B9C9 /* Department+CoreDataProperties.m */ = {isa = PBXFileReference; fileEncoding = 4; lastKnownFileType = sourcecode.c.objc; path = "Department+CoreDataProperties.m"; sourceTree = "<group>"; };
		44E2432F1CFFCD410083B9C9 /* Department.h */ = {isa = PBXFileReference; fileEncoding = 4; lastKnownFileType = sourcecode.c.h; path = Department.h; sourceTree = "<group>"; };
		44E243301CFFCD410083B9C9 /* Department.m */ = {isa = PBXFileReference; fileEncoding = 4; lastKnownFileType = sourcecode.c.objc; path = Department.m; sourceTree = "<group>"; };
		44E243331CFFCD520083B9C9 /* Person+CoreDataProperties.h */ = {isa = PBXFileReference; fileEncoding = 4; lastKnownFileType = sourcecode.c.h; path = "Person+CoreDataProperties.h"; sourceTree = "<group>"; };
		44E243341CFFCD520083B9C9 /* Person+CoreDataProperties.m */ = {isa = PBXFileReference; fileEncoding = 4; lastKnownFileType = sourcecode.c.objc; path = "Person+CoreDataProperties.m"; sourceTree = "<group>"; };
		44E243351CFFCD520083B9C9 /* Person.h */ = {isa = PBXFileReference; fileEncoding = 4; lastKnownFileType = sourcecode.c.h; path = Person.h; sourceTree = "<group>"; };
		44E243361CFFCD520083B9C9 /* Person.m */ = {isa = PBXFileReference; fileEncoding = 4; lastKnownFileType = sourcecode.c.objc; path = Person.m; sourceTree = "<group>"; };
		44EFC28F1CFE83C6002FFD4C /* company.xcdatamodel */ = {isa = PBXFileReference; lastKnownFileType = wrapper.xcdatamodel; path = company.xcdatamodel; sourceTree = "<group>"; };
		44EFC2A71CFE875F002FFD4C /* personViewController.h */ = {isa = PBXFileReference; fileEncoding = 4; lastKnownFileType = sourcecode.c.h; path = personViewController.h; sourceTree = "<group>"; };
		44EFC2A81CFE875F002FFD4C /* personViewController.m */ = {isa = PBXFileReference; fileEncoding = 4; lastKnownFileType = sourcecode.c.objc; path = personViewController.m; sourceTree = "<group>"; };
		FB08348B195D000B006CBEE2 /* collection_master.app */ = {isa = PBXFileReference; explicitFileType = wrapper.application; includeInIndex = 0; path = collection_master.app; sourceTree = BUILT_PRODUCTS_DIR; };
		FB08348E195D000B006CBEE2 /* Foundation.framework */ = {isa = PBXFileReference; lastKnownFileType = wrapper.framework; name = Foundation.framework; path = System/Library/Frameworks/Foundation.framework; sourceTree = SDKROOT; };
		FB083490195D000B006CBEE2 /* CoreGraphics.framework */ = {isa = PBXFileReference; lastKnownFileType = wrapper.framework; name = CoreGraphics.framework; path = System/Library/Frameworks/CoreGraphics.framework; sourceTree = SDKROOT; };
		FB083492195D000B006CBEE2 /* UIKit.framework */ = {isa = PBXFileReference; lastKnownFileType = wrapper.framework; name = UIKit.framework; path = System/Library/Frameworks/UIKit.framework; sourceTree = SDKROOT; };
		FB083496195D000B006CBEE2 /* collection_master-Info.plist */ = {isa = PBXFileReference; lastKnownFileType = text.plist.xml; path = "collection_master-Info.plist"; sourceTree = "<group>"; };
		FB083498195D000B006CBEE2 /* en */ = {isa = PBXFileReference; lastKnownFileType = text.plist.strings; name = en; path = en.lproj/InfoPlist.strings; sourceTree = "<group>"; };
		FB08349A195D000B006CBEE2 /* main.m */ = {isa = PBXFileReference; lastKnownFileType = sourcecode.c.objc; path = main.m; sourceTree = "<group>"; };
		FB08349C195D000B006CBEE2 /* collection_master-Prefix.pch */ = {isa = PBXFileReference; lastKnownFileType = sourcecode.c.h; path = "collection_master-Prefix.pch"; sourceTree = "<group>"; };
		FB08349D195D000B006CBEE2 /* AppDelegate.h */ = {isa = PBXFileReference; lastKnownFileType = sourcecode.c.h; path = AppDelegate.h; sourceTree = "<group>"; };
		FB08349E195D000B006CBEE2 /* AppDelegate.m */ = {isa = PBXFileReference; lastKnownFileType = sourcecode.c.objc; path = AppDelegate.m; sourceTree = "<group>"; };
		FB0834A1195D000B006CBEE2 /* Base */ = {isa = PBXFileReference; lastKnownFileType = file.storyboard; name = Base; path = Base.lproj/Main.storyboard; sourceTree = "<group>"; };
		FB0834A3195D000B006CBEE2 /* ViewController.h */ = {isa = PBXFileReference; lastKnownFileType = sourcecode.c.h; path = ViewController.h; sourceTree = "<group>"; };
		FB0834A4195D000B006CBEE2 /* ViewController.m */ = {isa = PBXFileReference; lastKnownFileType = sourcecode.c.objc; path = ViewController.m; sourceTree = "<group>"; };
		FB0834A6195D000B006CBEE2 /* Images.xcassets */ = {isa = PBXFileReference; lastKnownFileType = folder.assetcatalog; path = Images.xcassets; sourceTree = "<group>"; };
		FB0834AC195D000B006CBEE2 /* collection_masterTests.xctest */ = {isa = PBXFileReference; explicitFileType = wrapper.cfbundle; includeInIndex = 0; path = collection_masterTests.xctest; sourceTree = BUILT_PRODUCTS_DIR; };
		FB0834AD195D000B006CBEE2 /* XCTest.framework */ = {isa = PBXFileReference; lastKnownFileType = wrapper.framework; name = XCTest.framework; path = Library/Frameworks/XCTest.framework; sourceTree = DEVELOPER_DIR; };
		FB0834B5195D000C006CBEE2 /* collection_masterTests-Info.plist */ = {isa = PBXFileReference; lastKnownFileType = text.plist.xml; path = "collection_masterTests-Info.plist"; sourceTree = "<group>"; };
		FB0834B7195D000C006CBEE2 /* en */ = {isa = PBXFileReference; lastKnownFileType = text.plist.strings; name = en; path = en.lproj/InfoPlist.strings; sourceTree = "<group>"; };
		FB0834B9195D000C006CBEE2 /* collection_masterTests.m */ = {isa = PBXFileReference; lastKnownFileType = sourcecode.c.objc; path = collection_masterTests.m; sourceTree = "<group>"; };
		FB0834C7195D0576006CBEE2 /* collectionCell.h */ = {isa = PBXFileReference; fileEncoding = 4; lastKnownFileType = sourcecode.c.h; path = collectionCell.h; sourceTree = "<group>"; };
		FB0834C8195D0576006CBEE2 /* collectionCell.m */ = {isa = PBXFileReference; fileEncoding = 4; lastKnownFileType = sourcecode.c.objc; path = collectionCell.m; sourceTree = "<group>"; };
/* End PBXFileReference section */

/* Begin PBXFrameworksBuildPhase section */
		FB083488195D000B006CBEE2 /* Frameworks */ = {
			isa = PBXFrameworksBuildPhase;
			buildActionMask = 2147483647;
			files = (
				FB083491195D000B006CBEE2 /* CoreGraphics.framework in Frameworks */,
				FB083493195D000B006CBEE2 /* UIKit.framework in Frameworks */,
				FB08348F195D000B006CBEE2 /* Foundation.framework in Frameworks */,
			);
			runOnlyForDeploymentPostprocessing = 0;
		};
		FB0834A9195D000B006CBEE2 /* Frameworks */ = {
			isa = PBXFrameworksBuildPhase;
			buildActionMask = 2147483647;
			files = (
				FB0834AE195D000B006CBEE2 /* XCTest.framework in Frameworks */,
				FB0834B0195D000B006CBEE2 /* UIKit.framework in Frameworks */,
				FB0834AF195D000B006CBEE2 /* Foundation.framework in Frameworks */,
			);
			runOnlyForDeploymentPostprocessing = 0;
		};
/* End PBXFrameworksBuildPhase section */

/* Begin PBXGroup section */
		44EFC29D1CFE872E002FFD4C /* coredata */ = {
			isa = PBXGroup;
			children = (
				44EFC29E1CFE872E002FFD4C /* model */,
				44EFC29F1CFE872E002FFD4C /* view */,
				44EFC2A41CFE872E002FFD4C /* viewController */,
			);
			path = coredata;
			sourceTree = "<group>";
		};
		44EFC29E1CFE872E002FFD4C /* model */ = {
			isa = PBXGroup;
			children = (
			);
			path = model;
			sourceTree = "<group>";
		};
		44EFC29F1CFE872E002FFD4C /* view */ = {
			isa = PBXGroup;
			children = (
				44E2432D1CFFCD410083B9C9 /* Department+CoreDataProperties.h */,
				44E2432E1CFFCD410083B9C9 /* Department+CoreDataProperties.m */,
				44E2432F1CFFCD410083B9C9 /* Department.h */,
				44E243301CFFCD410083B9C9 /* Department.m */,
				44E243331CFFCD520083B9C9 /* Person+CoreDataProperties.h */,
				44E243341CFFCD520083B9C9 /* Person+CoreDataProperties.m */,
				44E243351CFFCD520083B9C9 /* Person.h */,
				44E243361CFFCD520083B9C9 /* Person.m */,
			);
			path = view;
			sourceTree = "<group>";
		};
		44EFC2A41CFE872E002FFD4C /* viewController */ = {
			isa = PBXGroup;
			children = (
				44EFC2A71CFE875F002FFD4C /* personViewController.h */,
				44EFC2A81CFE875F002FFD4C /* personViewController.m */,
			);
			path = viewController;
			sourceTree = "<group>";
		};
		FB083482195D000B006CBEE2 = {
			isa = PBXGroup;
			children = (
				44EFC28E1CFE83C6002FFD4C /* company.xcdatamodeld */,
				FB083494195D000B006CBEE2 /* collection_master */,
				FB0834B3195D000C006CBEE2 /* collection_masterTests */,
				FB08348D195D000B006CBEE2 /* Frameworks */,
				FB08348C195D000B006CBEE2 /* Products */,
			);
			sourceTree = "<group>";
		};
		FB08348C195D000B006CBEE2 /* Products */ = {
			isa = PBXGroup;
			children = (
				FB08348B195D000B006CBEE2 /* collection_master.app */,
				FB0834AC195D000B006CBEE2 /* collection_masterTests.xctest */,
			);
			name = Products;
			sourceTree = "<group>";
		};
		FB08348D195D000B006CBEE2 /* Frameworks */ = {
			isa = PBXGroup;
			children = (
				FB08348E195D000B006CBEE2 /* Foundation.framework */,
				FB083490195D000B006CBEE2 /* CoreGraphics.framework */,
				FB083492195D000B006CBEE2 /* UIKit.framework */,
				FB0834AD195D000B006CBEE2 /* XCTest.framework */,
			);
			name = Frameworks;
			sourceTree = "<group>";
		};
		FB083494195D000B006CBEE2 /* collection_master */ = {
			isa = PBXGroup;
			children = (
				44EFC29D1CFE872E002FFD4C /* coredata */,
				FB08349D195D000B006CBEE2 /* AppDelegate.h */,
				FB08349E195D000B006CBEE2 /* AppDelegate.m */,
				FB0834A0195D000B006CBEE2 /* Main.storyboard */,
				FB0834A3195D000B006CBEE2 /* ViewController.h */,
				FB0834A4195D000B006CBEE2 /* ViewController.m */,
				FB0834A6195D000B006CBEE2 /* Images.xcassets */,
				FB0834C7195D0576006CBEE2 /* collectionCell.h */,
				FB0834C8195D0576006CBEE2 /* collectionCell.m */,
				FB083495195D000B006CBEE2 /* Supporting Files */,
			);
			path = collection_master;
			sourceTree = "<group>";
		};
		FB083495195D000B006CBEE2 /* Supporting Files */ = {
			isa = PBXGroup;
			children = (
				FB083496195D000B006CBEE2 /* collection_master-Info.plist */,
				FB083497195D000B006CBEE2 /* InfoPlist.strings */,
				FB08349A195D000B006CBEE2 /* main.m */,
				FB08349C195D000B006CBEE2 /* collection_master-Prefix.pch */,
			);
			name = "Supporting Files";
			sourceTree = "<group>";
		};
		FB0834B3195D000C006CBEE2 /* collection_masterTests */ = {
			isa = PBXGroup;
			children = (
				FB0834B9195D000C006CBEE2 /* collection_masterTests.m */,
				FB0834B4195D000C006CBEE2 /* Supporting Files */,
			);
			path = collection_masterTests;
			sourceTree = "<group>";
		};
		FB0834B4195D000C006CBEE2 /* Supporting Files */ = {
			isa = PBXGroup;
			children = (
				FB0834B5195D000C006CBEE2 /* collection_masterTests-Info.plist */,
				FB0834B6195D000C006CBEE2 /* InfoPlist.strings */,
			);
			name = "Supporting Files";
			sourceTree = "<group>";
		};
/* End PBXGroup section */

/* Begin PBXNativeTarget section */
		FB08348A195D000B006CBEE2 /* collection_master */ = {
			isa = PBXNativeTarget;
			buildConfigurationList = FB0834BD195D000C006CBEE2 /* Build configuration list for PBXNativeTarget "collection_master" */;
			buildPhases = (
				FB083487195D000B006CBEE2 /* Sources */,
				FB083488195D000B006CBEE2 /* Frameworks */,
				FB083489195D000B006CBEE2 /* Resources */,
			);
			buildRules = (
			);
			dependencies = (
			);
			name = collection_master;
			productName = collection_master;
			productReference = FB08348B195D000B006CBEE2 /* collection_master.app */;
			productType = "com.apple.product-type.application";
		};
		FB0834AB195D000B006CBEE2 /* collection_masterTests */ = {
			isa = PBXNativeTarget;
			buildConfigurationList = FB0834C0195D000C006CBEE2 /* Build configuration list for PBXNativeTarget "collection_masterTests" */;
			buildPhases = (
				FB0834A8195D000B006CBEE2 /* Sources */,
				FB0834A9195D000B006CBEE2 /* Frameworks */,
				FB0834AA195D000B006CBEE2 /* Resources */,
			);
			buildRules = (
			);
			dependencies = (
				FB0834B2195D000C006CBEE2 /* PBXTargetDependency */,
			);
			name = collection_masterTests;
			productName = collection_masterTests;
			productReference = FB0834AC195D000B006CBEE2 /* collection_masterTests.xctest */;
			productType = "com.apple.product-type.bundle.unit-test";
		};
/* End PBXNativeTarget section */

/* Begin PBXProject section */
		FB083483195D000B006CBEE2 /* Project object */ = {
			isa = PBXProject;
			attributes = {
				LastUpgradeCheck = 0510;
				ORGANIZATIONNAME = "芳仔小脚丫";
				TargetAttributes = {
					FB0834AB195D000B006CBEE2 = {
						TestTargetID = FB08348A195D000B006CBEE2;
					};
				};
			};
			buildConfigurationList = FB083486195D000B006CBEE2 /* Build configuration list for PBXProject "collection_master" */;
			compatibilityVersion = "Xcode 3.2";
			developmentRegion = English;
			hasScannedForEncodings = 0;
			knownRegions = (
				en,
				Base,
			);
			mainGroup = FB083482195D000B006CBEE2;
			productRefGroup = FB08348C195D000B006CBEE2 /* Products */;
			projectDirPath = "";
			projectRoot = "";
			targets = (
				FB08348A195D000B006CBEE2 /* collection_master */,
				FB0834AB195D000B006CBEE2 /* collection_masterTests */,
			);
		};
/* End PBXProject section */

/* Begin PBXResourcesBuildPhase section */
		FB083489195D000B006CBEE2 /* Resources */ = {
			isa = PBXResourcesBuildPhase;
			buildActionMask = 2147483647;
			files = (
				FB0834A7195D000B006CBEE2 /* Images.xcassets in Resources */,
				FB083499195D000B006CBEE2 /* InfoPlist.strings in Resources */,
				FB0834A2195D000B006CBEE2 /* Main.storyboard in Resources */,
			);
			runOnlyForDeploymentPostprocessing = 0;
		};
		FB0834AA195D000B006CBEE2 /* Resources */ = {
			isa = PBXResourcesBuildPhase;
			buildActionMask = 2147483647;
			files = (
				FB0834B8195D000C006CBEE2 /* InfoPlist.strings in Resources */,
			);
			runOnlyForDeploymentPostprocessing = 0;
		};
/* End PBXResourcesBuildPhase section */

/* Begin PBXSourcesBuildPhase section */
		FB083487195D000B006CBEE2 /* Sources */ = {
			isa = PBXSourcesBuildPhase;
			buildActionMask = 2147483647;
			files = (
				FB0834A5195D000B006CBEE2 /* ViewController.m in Sources */,
				FB08349F195D000B006CBEE2 /* AppDelegate.m in Sources */,
				44E243381CFFCD520083B9C9 /* Person.m in Sources */,
				FB08349B195D000B006CBEE2 /* main.m in Sources */,
				44E243321CFFCD410083B9C9 /* Department.m in Sources */,
				FB0834C9195D0576006CBEE2 /* collectionCell.m in Sources */,
				44E243311CFFCD410083B9C9 /* Department+CoreDataProperties.m in Sources */,
				44EFC2901CFE83C6002FFD4C /* company.xcdatamodeld in Sources */,
				44E243371CFFCD520083B9C9 /* Person+CoreDataProperties.m in Sources */,
				44EFC2A91CFE875F002FFD4C /* personViewController.m in Sources */,
			);
			runOnlyForDeploymentPostprocessing = 0;
		};
		FB0834A8195D000B006CBEE2 /* Sources */ = {
			isa = PBXSourcesBuildPhase;
			buildActionMask = 2147483647;
			files = (
				FB0834BA195D000C006CBEE2 /* collection_masterTests.m in Sources */,
			);
			runOnlyForDeploymentPostprocessing = 0;
		};
/* End PBXSourcesBuildPhase section */

/* Begin PBXTargetDependency section */
		FB0834B2195D000C006CBEE2 /* PBXTargetDependency */ = {
			isa = PBXTargetDependency;
			target = FB08348A195D000B006CBEE2 /* collection_master */;
			targetProxy = FB0834B1195D000C006CBEE2 /* PBXContainerItemProxy */;
		};
/* End PBXTargetDependency section */

/* Begin PBXVariantGroup section */
		FB083497195D000B006CBEE2 /* InfoPlist.strings */ = {
			isa = PBXVariantGroup;
			children = (
				FB083498195D000B006CBEE2 /* en */,
			);
			name = InfoPlist.strings;
			sourceTree = "<group>";
		};
		FB0834A0195D000B006CBEE2 /* Main.storyboard */ = {
			isa = PBXVariantGroup;
			children = (
				FB0834A1195D000B006CBEE2 /* Base */,
			);
			name = Main.storyboard;
			sourceTree = "<group>";
		};
		FB0834B6195D000C006CBEE2 /* InfoPlist.strings */ = {
			isa = PBXVariantGroup;
			children = (
				FB0834B7195D000C006CBEE2 /* en */,
			);
			name = InfoPlist.strings;
			sourceTree = "<group>";
		};
/* End PBXVariantGroup section */

/* Begin XCBuildConfiguration section */
		FB0834BB195D000C006CBEE2 /* Debug */ = {
			isa = XCBuildConfiguration;
			buildSettings = {
				ALWAYS_SEARCH_USER_PATHS = NO;
				CLANG_CXX_LANGUAGE_STANDARD = "gnu++0x";
				CLANG_CXX_LIBRARY = "libc++";
				CLANG_ENABLE_MODULES = YES;
				CLANG_ENABLE_OBJC_ARC = YES;
				CLANG_WARN_BOOL_CONVERSION = YES;
				CLANG_WARN_CONSTANT_CONVERSION = YES;
				CLANG_WARN_DIRECT_OBJC_ISA_USAGE = YES_ERROR;
				CLANG_WARN_EMPTY_BODY = YES;
				CLANG_WARN_ENUM_CONVERSION = YES;
				CLANG_WARN_INT_CONVERSION = YES;
				CLANG_WARN_OBJC_ROOT_CLASS = YES_ERROR;
				CLANG_WARN__DUPLICATE_METHOD_MATCH = YES;
				"CODE_SIGN_IDENTITY[sdk=iphoneos*]" = "iPhone Developer";
				COPY_PHASE_STRIP = NO;
				GCC_C_LANGUAGE_STANDARD = gnu99;
				GCC_DYNAMIC_NO_PIC = NO;
				GCC_OPTIMIZATION_LEVEL = 0;
				GCC_PREPROCESSOR_DEFINITIONS = (
					"DEBUG=1",
					"$(inherited)",
				);
				GCC_SYMBOLS_PRIVATE_EXTERN = NO;
				GCC_WARN_64_TO_32_BIT_CONVERSION = YES;
				GCC_WARN_ABOUT_RETURN_TYPE = YES_ERROR;
				GCC_WARN_UNDECLARED_SELECTOR = YES;
				GCC_WARN_UNINITIALIZED_AUTOS = YES_AGGRESSIVE;
				GCC_WARN_UNUSED_FUNCTION = YES;
				GCC_WARN_UNUSED_VARIABLE = YES;
				IPHONEOS_DEPLOYMENT_TARGET = 7.1;
				ONLY_ACTIVE_ARCH = YES;
				SDKROOT = iphoneos;
			};
			name = Debug;
		};
		FB0834BC195D000C006CBEE2 /* Release */ = {
			isa = XCBuildConfiguration;
			buildSettings = {
				ALWAYS_SEARCH_USER_PATHS = NO;
				CLANG_CXX_LANGUAGE_STANDARD = "gnu++0x";
				CLANG_CXX_LIBRARY = "libc++";
				CLANG_ENABLE_MODULES = YES;
				CLANG_ENABLE_OBJC_ARC = YES;
				CLANG_WARN_BOOL_CONVERSION = YES;
				CLANG_WARN_CONSTANT_CONVERSION = YES;
				CLANG_WARN_DIRECT_OBJC_ISA_USAGE = YES_ERROR;
				CLANG_WARN_EMPTY_BODY = YES;
				CLANG_WARN_ENUM_CONVERSION = YES;
				CLANG_WARN_INT_CONVERSION = YES;
				CLANG_WARN_OBJC_ROOT_CLASS = YES_ERROR;
				CLANG_WARN__DUPLICATE_METHOD_MATCH = YES;
				"CODE_SIGN_IDENTITY[sdk=iphoneos*]" = "iPhone Developer";
				COPY_PHASE_STRIP = YES;
				ENABLE_NS_ASSERTIONS = NO;
				GCC_C_LANGUAGE_STANDARD = gnu99;
				GCC_WARN_64_TO_32_BIT_CONVERSION = YES;
				GCC_WARN_ABOUT_RETURN_TYPE = YES_ERROR;
				GCC_WARN_UNDECLARED_SELECTOR = YES;
				GCC_WARN_UNINITIALIZED_AUTOS = YES_AGGRESSIVE;
				GCC_WARN_UNUSED_FUNCTION = YES;
				GCC_WARN_UNUSED_VARIABLE = YES;
				IPHONEOS_DEPLOYMENT_TARGET = 7.1;
				SDKROOT = iphoneos;
				VALIDATE_PRODUCT = YES;
			};
			name = Release;
		};
		FB0834BE195D000C006CBEE2 /* Debug */ = {
			isa = XCBuildConfiguration;
			buildSettings = {
				ASSETCATALOG_COMPILER_APPICON_NAME = AppIcon;
				ASSETCATALOG_COMPILER_LAUNCHIMAGE_NAME = "Brand Assets";
				GCC_PRECOMPILE_PREFIX_HEADER = YES;
				GCC_PREFIX_HEADER = "collection_master/collection_master-Prefix.pch";
				INFOPLIST_FILE = "collection_master/collection_master-Info.plist";
				PRODUCT_NAME = "$(TARGET_NAME)";
				WRAPPER_EXTENSION = app;
			};
			name = Debug;
		};
		FB0834BF195D000C006CBEE2 /* Release */ = {
			isa = XCBuildConfiguration;
			buildSettings = {
				ASSETCATALOG_COMPILER_APPICON_NAME = AppIcon;
				ASSETCATALOG_COMPILER_LAUNCHIMAGE_NAME = "Brand Assets";
				GCC_PRECOMPILE_PREFIX_HEADER = YES;
				GCC_PREFIX_HEADER = "collection_master/collection_master-Prefix.pch";
				INFOPLIST_FILE = "collection_master/collection_master-Info.plist";
				PRODUCT_NAME = "$(TARGET_NAME)";
				WRAPPER_EXTENSION = app;
			};
			name = Release;
		};
		FB0834C1195D000C006CBEE2 /* Debug */ = {
			isa = XCBuildConfiguration;
			buildSettings = {
				BUNDLE_LOADER = "$(BUILT_PRODUCTS_DIR)/collection_master.app/collection_master";
				FRAMEWORK_SEARCH_PATHS = (
					"$(SDKROOT)/Developer/Library/Frameworks",
					"$(inherited)",
					"$(DEVELOPER_FRAMEWORKS_DIR)",
				);
				GCC_PRECOMPILE_PREFIX_HEADER = YES;
				GCC_PREFIX_HEADER = "collection_master/collection_master-Prefix.pch";
				GCC_PREPROCESSOR_DEFINITIONS = (
					"DEBUG=1",
					"$(inherited)",
				);
				INFOPLIST_FILE = "collection_masterTests/collection_masterTests-Info.plist";
				PRODUCT_NAME = "$(TARGET_NAME)";
				TEST_HOST = "$(BUNDLE_LOADER)";
				WRAPPER_EXTENSION = xctest;
			};
			name = Debug;
		};
		FB0834C2195D000C006CBEE2 /* Release */ = {
			isa = XCBuildConfiguration;
			buildSettings = {
				BUNDLE_LOADER = "$(BUILT_PRODUCTS_DIR)/collection_master.app/collection_master";
				FRAMEWORK_SEARCH_PATHS = (
					"$(SDKROOT)/Developer/Library/Frameworks",
					"$(inherited)",
					"$(DEVELOPER_FRAMEWORKS_DIR)",
				);
				GCC_PRECOMPILE_PREFIX_HEADER = YES;
				GCC_PREFIX_HEADER = "collection_master/collection_master-Prefix.pch";
				INFOPLIST_FILE = "collection_masterTests/collection_masterTests-Info.plist";
				PRODUCT_NAME = "$(TARGET_NAME)";
				TEST_HOST = "$(BUNDLE_LOADER)";
				WRAPPER_EXTENSION = xctest;
			};
			name = Release;
		};
/* End XCBuildConfiguration section */

/* Begin XCConfigurationList section */
		FB083486195D000B006CBEE2 /* Build configuration list for PBXProject "collection_master" */ = {
			isa = XCConfigurationList;
			buildConfigurations = (
				FB0834BB195D000C006CBEE2 /* Debug */,
				FB0834BC195D000C006CBEE2 /* Release */,
			);
			defaultConfigurationIsVisible = 0;
			defaultConfigurationName = Release;
		};
		FB0834BD195D000C006CBEE2 /* Build configuration list for PBXNativeTarget "collection_master" */ = {
			isa = XCConfigurationList;
			buildConfigurations = (
				FB0834BE195D000C006CBEE2 /* Debug */,
				FB0834BF195D000C006CBEE2 /* Release */,
			);
			defaultConfigurationIsVisible = 0;
			defaultConfigurationName = Release;
		};
		FB0834C0195D000C006CBEE2 /* Build configuration list for PBXNativeTarget "collection_masterTests" */ = {
			isa = XCConfigurationList;
			buildConfigurations = (
				FB0834C1195D000C006CBEE2 /* Debug */,
				FB0834C2195D000C006CBEE2 /* Release */,
			);
			defaultConfigurationIsVisible = 0;
			defaultConfigurationName = Release;
		};
/* End XCConfigurationList section */

/* Begin XCVersionGroup section */
		44EFC28E1CFE83C6002FFD4C /* company.xcdatamodeld */ = {
			isa = XCVersionGroup;
			children = (
				44EFC28F1CFE83C6002FFD4C /* company.xcdatamodel */,
			);
			currentVersion = 44EFC28F1CFE83C6002FFD4C /* company.xcdatamodel */;
			path = company.xcdatamodeld;
			sourceTree = "<group>";
			versionGroupType = wrapper.xcdatamodel;
		};
/* End XCVersionGroup section */
	};
	rootObject = FB083483195D000B006CBEE2 /* Project object */;
}
